
Microsoft Visual Studio Solution File, Format Version 12.00
# Visual Studio 15
Project("{FAE04EC0-301F-11D3-BF4B-00C04F79EFBC}") = "Assembly-CSharp", "Assembly-CSharp.csproj", "{CAEB3896-DDD4-15A7-D54A-C105D91C147F}"
EndProject
Project("{FAE04EC0-301F-11D3-BF4B-00C04F79EFBC}") = "Assembly-CSharp-firstpass", "Assembly-CSharp-firstpass.csproj", "{7C0FB239-0F73-EA2B-3BB5-9B129EC02674}"
EndProject
Project("{FAE04EC0-301F-11D3-BF4B-00C04F79EFBC}") = "Sirenix.OdinInspector.CompatibilityLayer", "Sirenix.OdinInspector.CompatibilityLayer.csproj", "{9C7C3CA2-8FCD-DFDF-2E81-CB1BEDAA37EF}"
EndProject
Project("{FAE04EC0-301F-11D3-BF4B-00C04F79EFBC}") = "Assembly-CSharp-Editor-firstpass", "Assembly-CSharp-Editor-firstpass.csproj", "{D84A8393-A5FA-FCBF-46CC-99EFF569CC88}"
EndProject
Project("{FAE04EC0-301F-11D3-BF4B-00C04F79EFBC}") = "Assembly-CSharp-Editor", "Assembly-CSharp-Editor.csproj", "{8192261E-49C1-5D1B-2642-3A3BC4092658}"
EndProject
Project("{FAE04EC0-301F-11D3-BF4B-00C04F79EFBC}") = "Sirenix.OdinInspector.CompatibilityLayer.Editor", "Sirenix.OdinInspector.CompatibilityLayer.Editor.csproj", "{A4550D57-DF15-3960-F865-E02FFD437AAC}"
EndProject
Global
	GlobalSection(SolutionConfigurationPlatforms) = preSolution
		Debug|Any CPU = Debug|Any CPU
		Release|Any CPU = Release|Any CPU
	EndGlobalSection
	GlobalSection(ProjectConfigurationPlatforms) = postSolution
		{CAEB3896-DDD4-15A7-D54A-C105D91C147F}.Debug|Any CPU.ActiveCfg = Debug|Any CPU
		{CAEB3896-DDD4-15A7-D54A-C105D91C147F}.Debug|Any CPU.Build.0 = Debug|Any CPU
		{CAEB3896-DDD4-15A7-D54A-C105D91C147F}.Release|Any CPU.ActiveCfg = Release|Any CPU
		{CAEB3896-DDD4-15A7-D54A-C105D91C147F}.Release|Any CPU.Build.0 = Release|Any CPU
		{7C0FB239-0F73-EA2B-3BB5-9B129EC02674}.Debug|Any CPU.ActiveCfg = Debug|Any CPU
		{7C0FB239-0F73-EA2B-3BB5-9B129EC02674}.Debug|Any CPU.Build.0 = Debug|Any CPU
		{7C0FB239-0F73-EA2B-3BB5-9B129EC02674}.Release|Any CPU.ActiveCfg = Release|Any CPU
		{7C0FB239-0F73-EA2B-3BB5-9B129EC02674}.Release|Any CPU.Build.0 = Release|Any CPU
		{9C7C3CA2-8FCD-DFDF-2E81-CB1BEDAA37EF}.Debug|Any CPU.ActiveCfg = Debug|Any CPU
		{9C7C3CA2-8FCD-DFDF-2E81-CB1BEDAA37EF}.Debug|Any CPU.Build.0 = Debug|Any CPU
		{9C7C3CA2-8FCD-DFDF-2E81-CB1BEDAA37EF}.Release|Any CPU.ActiveCfg = Release|Any CPU
		{9C7C3CA2-8FCD-DFDF-2E81-CB1BEDAA37EF}.Release|Any CPU.Build.0 = Release|Any CPU
		{D84A8393-A5FA-FCBF-46CC-99EFF569CC88}.Debug|Any CPU.ActiveCfg = Debug|Any CPU
		{D84A8393-A5FA-FCBF-46CC-99EFF569CC88}.Debug|Any CPU.Build.0 = Debug|Any CPU
		{D84A8393-A5FA-FCBF-46CC-99EFF569CC88}.Release|Any CPU.ActiveCfg = Release|Any CPU
		{D84A8393-A5FA-FCBF-46CC-99EFF569CC88}.Release|Any CPU.Build.0 = Release|Any CPU
		{8192261E-49C1-5D1B-2642-3A3BC4092658}.Debug|Any CPU.ActiveCfg = Debug|Any CPU
		{8192261E-49C1-5D1B-2642-3A3BC4092658}.Debug|Any CPU.Build.0 = Debug|Any CPU
		{8192261E-49C1-5D1B-2642-3A3BC4092658}.Release|Any CPU.ActiveCfg = Release|Any CPU
		{8192261E-49C1-5D1B-2642-3A3BC4092658}.Release|Any CPU.Build.0 = Release|Any CPU
		{A4550D57-DF15-3960-F865-E02FFD437AAC}.Debug|Any CPU.ActiveCfg = Debug|Any CPU
		{A4550D57-DF15-3960-F865-E02FFD437AAC}.Debug|Any CPU.Build.0 = Debug|Any CPU
		{A4550D57-DF15-3960-F865-E02FFD437AAC}.Release|Any CPU.ActiveCfg = Release|Any CPU
		{A4550D57-DF15-3960-F865-E02FFD437AAC}.Release|Any CPU.Build.0 = Release|Any CPU
	EndGlobalSection
	GlobalSection(SolutionProperties) = preSolution
		HideSolutionNode = FALSE
	EndGlobalSection
EndGlobal
